
Microsoft Visual Studio Solution File, Format Version 12.00
# Visual Studio 15
VisualStudioVersion = 15.0.28307.102
MinimumVisualStudioVersion = 10.0.40219.1
Project("{FAE04EC0-301F-11D3-BF4B-00C04F79EFBC}") = "Test", "Test\Test.csproj", "{2791983B-F8DD-4100-8F7B-87FB373B8250}"
EndProject
Global
	GlobalSection(SolutionConfigurationPlatforms) = preSolution
		Debug|Any CPU = Debug|Any CPU
		Release|Any CPU = Release|Any CPU
	EndGlobalSection
	GlobalSection(ProjectConfigurationPlatforms) = postSolution
		{2791983B-F8DD-4100-8F7B-87FB373B8250}.Debug|Any CPU.ActiveCfg = Debug|Any CPU
		{2791983B-F8DD-4100-8F7B-87FB373B8250}.Debug|Any CPU.Build.0 = Debug|Any CPU
		{2791983B-F8DD-4100-8F7B-87FB373B8250}.Release|Any CPU.ActiveCfg = Release|Any CPU
		{2791983B-F8DD-4100-8F7B-87FB373B8250}.Release|Any CPU.Build.0 = Release|Any CPU
	EndGlobalSection
	GlobalSection(SolutionProperties) = preSolution
		HideSolutionNode = FALSE
	EndGlobalSection
	GlobalSection(ExtensibilityGlobals) = postSolution
		SolutionGuid = {20665AB5-0BCE-4B9B-B84E-DADD96262AE4}
	EndGlobalSection
EndGlobal
